
Microsoft Visual Studio Solution File, Format Version 12.00
# Visual Studio Version 17
VisualStudioVersion = 17.8.34408.163
MinimumVisualStudioVersion = 10.0.40219.1
Project("{8BC9CEB8-8B4A-11D0-8D11-00A0C91BC942}") = "InheritancePractice", "InheritancePractice.vcxproj", "{35171D57-2F92-4377-A878-E803B4C909AF}"
EndProject
Global
	GlobalSection(SolutionConfigurationPlatforms) = preSolution
		Debug|x64 = Debug|x64
		Debug|x86 = Debug|x86
		Release|x64 = Release|x64
		Release|x86 = Release|x86
	EndGlobalSection
	GlobalSection(ProjectConfigurationPlatforms) = postSolution
		{35171D57-2F92-4377-A878-E803B4C909AF}.Debug|x64.ActiveCfg = Debug|x64
		{35171D57-2F92-4377-A878-E803B4C909AF}.Debug|x64.Build.0 = Debug|x64
		{35171D57-2F92-4377-A878-E803B4C909AF}.Debug|x86.ActiveCfg = Debug|Win32
		{35171D57-2F92-4377-A878-E803B4C909AF}.Debug|x86.Build.0 = Debug|Win32
		{35171D57-2F92-4377-A878-E803B4C909AF}.Release|x64.ActiveCfg = Release|x64
		{35171D57-2F92-4377-A878-E803B4C909AF}.Release|x64.Build.0 = Release|x64
		{35171D57-2F92-4377-A878-E803B4C909AF}.Release|x86.ActiveCfg = Release|Win32
		{35171D57-2F92-4377-A878-E803B4C909AF}.Release|x86.Build.0 = Release|Win32
	EndGlobalSection
	GlobalSection(SolutionProperties) = preSolution
		HideSolutionNode = FALSE
	EndGlobalSection
	GlobalSection(ExtensibilityGlobals) = postSolution
		SolutionGuid = {D389173B-BEFF-482E-8B4D-49D4C9E14D03}
	EndGlobalSection
EndGlobal
